{
  "name": "dragon_chicken_taimei",
  "version": "1.0.0",
  "lockfileVersion": 1,
  "requires": true,
  "dependencies": {
    "@babel/parser": {
      "version": "7.24.8",
      "resolved": "https://registry.npmjs.org/@babel/parser/-/parser-7.24.8.tgz",
      "integrity": "sha512-WzfbgXOkGzZiXXCqk43kKwZjzwx4oulxZi3nq2TYL9mOjQv6kYwul9mz6ID36njuL7Xkp6nJEfok848Zj10j/w=="
    },
    "@jridgewell/sourcemap-codec": {
      "version": "1.5.0",
      "resolved": "https://registry.npmjs.org/@jridgewell/sourcemap-codec/-/sourcemap-codec-1.5.0.tgz",
      "integrity": "sha512-gv3ZRaISU3fjPAgNsriBRqGWQL6quFx04YMPW/zD8XMLsU32mhCCbfbO6KZFLjvYpCZ8zyDEgqsgf+PwPaM7GQ=="
    },
    "@vue/compiler-core": {
      "version": "3.4.34",
      "resolved": "https://registry.npmjs.org/@vue/compiler-core/-/compiler-core-3.4.34.tgz",
      "integrity": "sha512-Z0izUf32+wAnQewjHu+pQf1yw00EGOmevl1kE+ljjjMe7oEfpQ+BI3/JNK7yMB4IrUsqLDmPecUrpj3mCP+yJQ==",
      "requires": {
        "@babel/parser": "^7.24.7",
        "@vue/shared": "3.4.34",
        "entities": "^4.5.0",
        "estree-walker": "^2.0.2",
        "source-map-js": "^1.2.0"
      }
    },
    "@vue/compiler-dom": {
      "version": "3.4.34",
      "resolved": "https://registry.npmjs.org/@vue/compiler-dom/-/compiler-dom-3.4.34.tgz",
      "integrity": "sha512-3PUOTS1h5cskdOJMExCu2TInXuM0j60DRPpSCJDqOCupCfUZCJoyQmKtRmA8EgDNZ5kcEE7vketamRZfrEuVDw==",
      "requires": {
        "@vue/compiler-core": "3.4.34",
        "@vue/shared": "3.4.34"
      }
    },
    "@vue/compiler-sfc": {
      "version": "3.4.34",
      "resolved": "https://registry.npmjs.org/@vue/compiler-sfc/-/compiler-sfc-3.4.34.tgz",
      "integrity": "sha512-x6lm0UrM03jjDXTPZgD9Ad8bIVD1ifWNit2EaWQIZB5CULr46+FbLQ5RpK7AXtDHGjx9rmvC7QRCTjsiGkAwRw==",
      "requires": {
        "@babel/parser": "^7.24.7",
        "@vue/compiler-core": "3.4.34",
        "@vue/compiler-dom": "3.4.34",
        "@vue/compiler-ssr": "3.4.34",
        "@vue/shared": "3.4.34",
        "estree-walker": "^2.0.2",
        "magic-string": "^0.30.10",
        "postcss": "^8.4.39",
        "source-map-js": "^1.2.0"
      }
    },
    "@vue/compiler-ssr": {
      "version": "3.4.34",
      "resolved": "https://registry.npmjs.org/@vue/compiler-ssr/-/compiler-ssr-3.4.34.tgz",
      "integrity": "sha512-8TDBcLaTrFm5rnF+Qm4BlliaopJgqJ28Nsrc80qazynm5aJO+Emu7y0RWw34L8dNnTRdcVBpWzJxhGYzsoVu4g==",
      "requires": {
        "@vue/compiler-dom": "3.4.34",
        "@vue/shared": "3.4.34"
      }
    },
    "@vue/reactivity": {
      "version": "3.4.34",
      "resolved": "https://registry.npmjs.org/@vue/reactivity/-/reactivity-3.4.34.tgz",
      "integrity": "sha512-ua+Lo+wBRlBEX9TtgPOShE2JwIO7p6BTZ7t1KZVPoaBRfqbC7N3c8Mpzicx173fXxx5VXeU6ykiHo7WgLzJQDA==",
      "requires": {
        "@vue/shared": "3.4.34"
      }
    },
    "@vue/runtime-core": {
      "version": "3.4.34",
      "resolved": "https://registry.npmjs.org/@vue/runtime-core/-/runtime-core-3.4.34.tgz",
      "integrity": "sha512-PXhkiRPwcPGJ1BnyBZFI96GfInCVskd0HPNIAZn7i3YOmLbtbTZpB7/kDTwC1W7IqdGPkTVC63IS7J2nZs4Ebg==",
      "requires": {
        "@vue/reactivity": "3.4.34",
        "@vue/shared": "3.4.34"
      }
    },
    "@vue/runtime-dom": {
      "version": "3.4.34",
      "resolved": "https://registry.npmjs.org/@vue/runtime-dom/-/runtime-dom-3.4.34.tgz",
      "integrity": "sha512-dXqIe+RqFAK2Euak4UsvbIupalrhc67OuQKpD7HJ3W2fv8jlqvI7szfBCsAEcE8o/wyNpkloxB6J8viuF/E3gw==",
      "requires": {
        "@vue/reactivity": "3.4.34",
        "@vue/runtime-core": "3.4.34",
        "@vue/shared": "3.4.34",
        "csstype": "^3.1.3"
      }
    },
    "@vue/server-renderer": {
      "version": "3.4.34",
      "resolved": "https://registry.npmjs.org/@vue/server-renderer/-/server-renderer-3.4.34.tgz",
      "integrity": "sha512-GeyEUfMVRZMD/mZcNONEqg7MiU10QQ1DB3O/Qr6+8uXpbwdlmVgQ5Qs1/ZUAFX1X2UUtqMoGrDRbxdWfOJFT7Q==",
      "requires": {
        "@vue/compiler-ssr": "3.4.34",
        "@vue/shared": "3.4.34"
      }
    },
    "@vue/shared": {
      "version": "3.4.34",
      "resolved": "https://registry.npmjs.org/@vue/shared/-/shared-3.4.34.tgz",
      "integrity": "sha512-x5LmiRLpRsd9KTjAB8MPKf0CDPMcuItjP0gbNqFCIgL1I8iYp4zglhj9w9FPCdIbHG2M91RVeIbArFfFTz9I3A=="
    },
    "csstype": {
      "version": "3.1.3",
      "resolved": "https://registry.npmjs.org/csstype/-/csstype-3.1.3.tgz",
      "integrity": "sha512-M1uQkMl8rQK/szD0LNhtqxIPLpimGm8sOBwU7lLnCpSbTyY3yeU1Vc7l4KT5zT4s/yOxHH5O7tIuuLOCnLADRw=="
    },
    "dragon_awakening_of_insects": {
      "version": "1.0.1",
      "resolved": "https://registry.npmjs.org/dragon_awakening_of_insects/-/dragon_awakening_of_insects-1.0.1.tgz",
      "integrity": "sha512-0j0qzf51sB/l4kxTFf6dRH+DqC0O3m6f5/ZkrTy7jwFv9R/Af1OkmKfCTgrCbSaWlzK1iqowN+aeqEvQyN+jYQ==",
      "requires": {
        "dragon_lucky_words": "^1.0.3",
        "jquery": "^3.7.1"
      }
    },
    "dragon_balloons_story": {
      "version": "1.0.1",
      "resolved": "https://registry.npmjs.org/dragon_balloons_story/-/dragon_balloons_story-1.0.1.tgz",
      "integrity": "sha512-cTt/OhCxHQUi4PBVlIVl0NVEwKNZgnMEoKlzHAi3mXlwsyP/23CAkCn7d9iViVKkCX/GmrJSObdlCIAzHvG7lQ==",
      "requires": {
        "dragon_awakening_of_insects": "^1.0.1",
        "dragon_lucky_words": "^1.0.3",
        "dragon_number_guessing": "^1.0.3",
        "dragon_rain": "^1.0.6",
        "dragon_spring_equinox": "^1.0.0",
        "jquery": "^3.7.1"
      }
    },
    "dragon_cake_story": {
      "version": "1.0.1",
      "resolved": "https://registry.npmjs.org/dragon_cake_story/-/dragon_cake_story-1.0.1.tgz",
      "integrity": "sha512-4uzZawkDCjJAJbXSMN1wi905BRIuTc+yIamgzDh/wZVm3rUw+o8YM8JnvbysmqQaypPI1L4Z2zAkuSkVodFGsA==",
      "requires": {
        "dragon_awakening_of_insects": "^1.0.1",
        "dragon_lucky_words": "^1.0.3",
        "dragon_number_guessing": "^1.0.3",
        "dragon_rain": "^1.0.6",
        "dragon_spring_equinox": "^1.0.0",
        "jquery": "^3.7.1"
      }
    },
    "dragon_chicken_story": {
      "version": "1.0.1",
      "resolved": "https://registry.npmjs.org/dragon_chicken_story/-/dragon_chicken_story-1.0.1.tgz",
      "integrity": "sha512-X2hJz7pl91PBP87911QTkK6ZC63Ei1hbtnyQbljlkmHGY8qOXKjZwVVJMMGaNluoq6GlxddHw+rr2uJc+AXL2A==",
      "requires": {
        "dragon_awakening_of_insects": "^1.0.1",
        "dragon_lucky_words": "^1.0.3",
        "dragon_number_guessing": "^1.0.3",
        "dragon_rain": "^1.0.6",
        "dragon_spring_equinox": "^1.0.0",
        "jquery": "^3.7.1"
      }
    },
    "dragon_cross_story": {
      "version": "1.0.1",
      "resolved": "https://registry.npmjs.org/dragon_cross_story/-/dragon_cross_story-1.0.1.tgz",
      "integrity": "sha512-JWsfQ5RuvqzgG2XbYI6EE8TOnDUTGb2+djJb7cEddOUmTx3++SH3V0/q3QJsAoEJUBgG5ZzrKc/k1DgJA757cg==",
      "requires": {
        "dragon_awakening_of_insects": "^1.0.1",
        "dragon_lucky_words": "^1.0.3",
        "dragon_number_guessing": "^1.0.3",
        "dragon_rain": "^1.0.6",
        "dragon_spring_equinox": "^1.0.0",
        "jquery": "^3.7.1"
      }
    },
    "dragon_cruel_story": {
      "version": "1.0.1",
      "resolved": "https://registry.npmjs.org/dragon_cruel_story/-/dragon_cruel_story-1.0.1.tgz",
      "integrity": "sha512-t5Ng3QNTBcpBrhHQ6KL3ffzThoaEtIcJndOpD3ZmH47PKNXC+wQb43SFj8moonO6CrrWE5iHnbvzT2F5K3wngQ==",
      "requires": {
        "dragon_awakening_of_insects": "^1.0.1",
        "dragon_lucky_words": "^1.0.3",
        "dragon_number_guessing": "^1.0.3",
        "dragon_rain": "^1.0.6",
        "dragon_spring_equinox": "^1.0.0",
        "jquery": "^3.7.1"
      }
    },
    "dragon_dijia_story": {
      "version": "1.0.1",
      "resolved": "https://registry.npmjs.org/dragon_dijia_story/-/dragon_dijia_story-1.0.1.tgz",
      "integrity": "sha512-e4TRTn9gcj5BCtVb10ugcpTsdKVIfJVWShkkU4DjiBimOG0YvR3JZDeQs/gXEor/+fhBGhgndkkwwadoGlertA==",
      "requires": {
        "dragon_awakening_of_insects": "^1.0.1",
        "dragon_lucky_words": "^1.0.3",
        "dragon_number_guessing": "^1.0.3",
        "dragon_rain": "^1.0.6",
        "dragon_spring_equinox": "^1.0.0",
        "jquery": "^3.7.1"
      }
    },
    "dragon_homophonic_meme": {
      "version": "1.0.1",
      "resolved": "https://registry.npmjs.org/dragon_homophonic_meme/-/dragon_homophonic_meme-1.0.1.tgz",
      "integrity": "sha512-NmaavKA40VCEYs7LFZQDPGBy6PRB8zKFNZkRVUaMJXj9j+LOnxfYo8VDzRsLLs4JBTM3p5VNybKW9hLyGB/WfQ==",
      "requires": {
        "dragon_awakening_of_insects": "^1.0.1",
        "dragon_lucky_words": "^1.0.3",
        "dragon_number_guessing": "^1.0.3",
        "dragon_rain": "^1.0.6",
        "dragon_spring_equinox": "^1.0.0",
        "jquery": "^3.7.1"
      }
    },
    "dragon_leader_angry": {
      "version": "1.0.1",
      "resolved": "https://registry.npmjs.org/dragon_leader_angry/-/dragon_leader_angry-1.0.1.tgz",
      "integrity": "sha512-dV233JgYesgQQZokyjuKvBDSf3RozDL8GhhfbWpyIHcTqdvV2ttg/0eYciIPvM1yjPvAAa/TKbW8R8EwUB6G+g==",
      "requires": {
        "dragon_awakening_of_insects": "^1.0.1",
        "dragon_lucky_words": "^1.0.3",
        "dragon_number_guessing": "^1.0.3",
        "dragon_rain": "^1.0.6",
        "dragon_spring_equinox": "^1.0.0",
        "jquery": "^3.7.1"
      }
    },
    "dragon_leader_lucky": {
      "version": "1.0.1",
      "resolved": "https://registry.npmjs.org/dragon_leader_lucky/-/dragon_leader_lucky-1.0.1.tgz",
      "integrity": "sha512-zngWHvmy86AhVFNQHuTwKEO8CkkgiA6FvrYErO7OefJdaGznubAjQ8bM5v8C4CmjHtNT9GaEuE2+Fr2qSzkuuQ==",
      "requires": {
        "dragon_awakening_of_insects": "^1.0.1",
        "dragon_lucky_words": "^1.0.3",
        "dragon_number_guessing": "^1.0.3",
        "dragon_rain": "^1.0.6",
        "dragon_spring_equinox": "^1.0.0",
        "jquery": "^3.7.1"
      }
    },
    "dragon_loquat_story": {
      "version": "1.0.1",
      "resolved": "https://registry.npmjs.org/dragon_loquat_story/-/dragon_loquat_story-1.0.1.tgz",
      "integrity": "sha512-G8F7r4TzPxHI7nNed85f8o9dEUPvR+Bu32WMtzAlGViXqKbfCveHLVaK3qMyvqjJfDvbL6FJ4lhR8S5EEJSjfg==",
      "requires": {
        "dragon_awakening_of_insects": "^1.0.1",
        "dragon_lucky_words": "^1.0.3",
        "dragon_number_guessing": "^1.0.3",
        "dragon_rain": "^1.0.6",
        "dragon_spring_equinox": "^1.0.0",
        "jquery": "^3.7.1"
      }
    },
    "dragon_lucky_words": {
      "version": "1.0.4",
      "resolved": "https://registry.npmjs.org/dragon_lucky_words/-/dragon_lucky_words-1.0.4.tgz",
      "integrity": "sha512-2GEMJAO2+rvrJ/NLyzzVEvh2Ia5iVtz1mTf8zzdc7JdPsYGsePyceFHeBCvuXtCd/x9nCmXIOGng0jYeOwDrXA==",
      "requires": {
        "dragon_awakening_of_insects": "^1.0.1",
        "dragon_balloons_story": "^1.0.1",
        "dragon_cake_story": "^1.0.1",
        "dragon_chicken_story": "^1.0.1",
        "dragon_cross_story": "^1.0.1",
        "dragon_cruel_story": "^1.0.1",
        "dragon_dijia_story": "^1.0.1",
        "dragon_homophonic_meme": "^1.0.1",
        "dragon_leader_angry": "^1.0.1",
        "dragon_leader_lucky": "^1.0.1",
        "dragon_loquat_story": "^1.0.1",
        "dragon_mountain_story": "^1.0.1",
        "dragon_number_guessing": "^1.0.3",
        "dragon_piano_story": "^1.0.1",
        "dragon_rain": "^1.0.1",
        "dragon_sea_story": "^1.0.1",
        "dragon_spring_equinox": "^1.0.0",
        "dragon_tiger_story": "^1.0.1",
        "dragon_warrior_story": "^1.0.1",
        "jquery": "^3.7.1"
      }
    },
    "dragon_mountain_story": {
      "version": "1.0.1",
      "resolved": "https://registry.npmjs.org/dragon_mountain_story/-/dragon_mountain_story-1.0.1.tgz",
      "integrity": "sha512-3E32l3Zqr9k5kTVWYMgsqaXPovamglSgt996arq64TRvQTiREkfoPL6a53sDm2LbRLTcrcYZQlbv16D1jXXcgw==",
      "requires": {
        "dragon_awakening_of_insects": "^1.0.1",
        "dragon_lucky_words": "^1.0.3",
        "dragon_number_guessing": "^1.0.3",
        "dragon_rain": "^1.0.6",
        "dragon_spring_equinox": "^1.0.0",
        "jquery": "^3.7.1"
      }
    },
    "dragon_number_guessing": {
      "version": "1.0.3",
      "resolved": "https://registry.npmjs.org/dragon_number_guessing/-/dragon_number_guessing-1.0.3.tgz",
      "integrity": "sha512-fUoPlllbhOaVM+KkS8YQGqT9p+tgCu1ixtPM+knHxJ3CT2u0Baf69aGqjkPlfeQsE3Mp2ZVPregFPiueQ144Kw==",
      "requires": {
        "dragon_rain": "^1.0.6",
        "vue": "^3.4.21"
      }
    },
    "dragon_piano_story": {
      "version": "1.0.1",
      "resolved": "https://registry.npmjs.org/dragon_piano_story/-/dragon_piano_story-1.0.1.tgz",
      "integrity": "sha512-C7r6vOF9zPfQDTT6AAcVeUujYXQzJnmcbXBknPT3k/YWlOxeCH/DgTVKExyvIte/zw2eC8S7CQJDAbBPxxJ5IQ==",
      "requires": {
        "dragon_awakening_of_insects": "^1.0.1",
        "dragon_lucky_words": "^1.0.3",
        "dragon_number_guessing": "^1.0.3",
        "dragon_rain": "^1.0.6",
        "dragon_spring_equinox": "^1.0.0",
        "jquery": "^3.7.1"
      }
    },
    "dragon_rain": {
      "version": "1.0.7",
      "resolved": "https://registry.npmjs.org/dragon_rain/-/dragon_rain-1.0.7.tgz",
      "integrity": "sha512-Enkaqk3x8/KGPK0dO+RbmLzyjFV78AhtPiD6Ol3qG1dNhNusoKihaGrYw4QxCSV7uw43IDWCE8zBAh5jY/JnIg==",
      "requires": {
        "dragon_awakening_of_insects": "^1.0.1",
        "dragon_balloons_story": "^1.0.1",
        "dragon_cake_story": "^1.0.1",
        "dragon_chicken_story": "^1.0.1",
        "dragon_cross_story": "^1.0.1",
        "dragon_cruel_story": "^1.0.1",
        "dragon_dijia_story": "^1.0.1",
        "dragon_homophonic_meme": "^1.0.1",
        "dragon_leader_angry": "^1.0.1",
        "dragon_leader_lucky": "^1.0.1",
        "dragon_loquat_story": "^1.0.1",
        "dragon_lucky_words": "^1.0.0",
        "dragon_mountain_story": "^1.0.1",
        "dragon_number_guessing": "^1.0.3",
        "dragon_piano_story": "^1.0.1",
        "dragon_sea_story": "^1.0.1",
        "dragon_spring_equinox": "^1.0.0",
        "dragon_tiger_story": "^1.0.1",
        "dragon_warrior_story": "^1.0.1",
        "jquery": "^3.7.1"
      }
    },
    "dragon_sea_story": {
      "version": "1.0.1",
      "resolved": "https://registry.npmjs.org/dragon_sea_story/-/dragon_sea_story-1.0.1.tgz",
      "integrity": "sha512-hH/wLwq2t2PMX8rTNFe7Larb4WoufInd9jVZJVOyyixM4mXIHw5t+uglG0sVzxRqsg/JaiMSsMJOtTFP9aREbg==",
      "requires": {
        "dragon_awakening_of_insects": "^1.0.1",
        "dragon_lucky_words": "^1.0.3",
        "dragon_number_guessing": "^1.0.3",
        "dragon_rain": "^1.0.6",
        "dragon_spring_equinox": "^1.0.0",
        "jquery": "^3.7.1"
      }
    },
    "dragon_spring_equinox": {
      "version": "1.0.2",
      "resolved": "https://registry.npmjs.org/dragon_spring_equinox/-/dragon_spring_equinox-1.0.2.tgz",
      "integrity": "sha512-XeTxYvXUNIrqKgJ0wMpMOLXjjA5cbHxnxHP9+3gYxEbPQJOL94+Zc+O3UKM20krqArCDXCnDmghuGjF23Fv/KQ==",
      "requires": {
        "dragon_awakening_of_insects": "^1.0.1",
        "dragon_balloons_story": "^1.0.1",
        "dragon_cake_story": "^1.0.1",
        "dragon_chicken_story": "^1.0.1",
        "dragon_cross_story": "^1.0.1",
        "dragon_cruel_story": "^1.0.1",
        "dragon_dijia_story": "^1.0.1",
        "dragon_homophonic_meme": "^1.0.1",
        "dragon_leader_angry": "^1.0.1",
        "dragon_leader_lucky": "^1.0.1",
        "dragon_loquat_story": "^1.0.1",
        "dragon_lucky_words": "^1.0.3",
        "dragon_mountain_story": "^1.0.1",
        "dragon_number_guessing": "^1.0.3",
        "dragon_piano_story": "^1.0.1",
        "dragon_sea_story": "^1.0.1",
        "dragon_tiger_story": "^1.0.1",
        "dragon_warrior_story": "^1.0.1",
        "jquery": "^3.7.1"
      }
    },
    "dragon_tiger_story": {
      "version": "1.0.1",
      "resolved": "https://registry.npmjs.org/dragon_tiger_story/-/dragon_tiger_story-1.0.1.tgz",
      "integrity": "sha512-mbW7jywesxnuDLZIhROmWaE7XgRVMChVHz/Iv0tRbm/kLAAjvDY8E8uBX5w1Kn8xiL3FEWvgW+wkGW6r7u9elA==",
      "requires": {
        "dragon_awakening_of_insects": "^1.0.1",
        "dragon_lucky_words": "^1.0.3",
        "dragon_number_guessing": "^1.0.3",
        "dragon_rain": "^1.0.6",
        "dragon_spring_equinox": "^1.0.0",
        "jquery": "^3.7.1"
      }
    },
    "dragon_warrior_story": {
      "version": "1.0.1",
      "resolved": "https://registry.npmjs.org/dragon_warrior_story/-/dragon_warrior_story-1.0.1.tgz",
      "integrity": "sha512-dEPkr1pxGs7tIZ2alob0tTP7RGJrdPQM1TGP+BkzEmNFvuSQLeU/U2QjBhw+OVE3FgzG1DdV2WvuC7d5UM1IEQ==",
      "requires": {
        "dragon_awakening_of_insects": "^1.0.1",
        "dragon_lucky_words": "^1.0.3",
        "dragon_number_guessing": "^1.0.3",
        "dragon_rain": "^1.0.6",
        "dragon_spring_equinox": "^1.0.0",
        "jquery": "^3.7.1"
      }
    },
    "entities": {
      "version": "4.5.0",
      "resolved": "https://registry.npmjs.org/entities/-/entities-4.5.0.tgz",
      "integrity": "sha512-V0hjH4dGPh9Ao5p0MoRY6BVqtwCjhz6vI5LT8AJ55H+4g9/4vbHx1I54fS0XuclLhDHArPQCiMjDxjaL8fPxhw=="
    },
    "estree-walker": {
      "version": "2.0.2",
      "resolved": "https://registry.npmjs.org/estree-walker/-/estree-walker-2.0.2.tgz",
      "integrity": "sha512-Rfkk/Mp/DL7JVje3u18FxFujQlTNR2q6QfMSMB7AvCBx91NGj/ba3kCfza0f6dVDbw7YlRf/nDrn7pQrCCyQ/w=="
    },
    "jquery": {
      "version": "3.7.1",
      "resolved": "https://registry.npmjs.org/jquery/-/jquery-3.7.1.tgz",
      "integrity": "sha512-m4avr8yL8kmFN8psrbFFFmB/If14iN5o9nw/NgnnM+kybDJpRsAynV2BsfpTYrTRysYUdADVD7CkUUizgkpLfg=="
    },
    "magic-string": {
      "version": "0.30.10",
      "resolved": "https://registry.npmjs.org/magic-string/-/magic-string-0.30.10.tgz",
      "integrity": "sha512-iIRwTIf0QKV3UAnYK4PU8uiEc4SRh5jX0mwpIwETPpHdhVM4f53RSwS/vXvN1JhGX+Cs7B8qIq3d6AH49O5fAQ==",
      "requires": {
        "@jridgewell/sourcemap-codec": "^1.4.15"
      }
    },
    "nanoid": {
      "version": "3.3.7",
      "resolved": "https://registry.npmjs.org/nanoid/-/nanoid-3.3.7.tgz",
      "integrity": "sha512-eSRppjcPIatRIMC1U6UngP8XFcz8MQWGQdt1MTBQ7NaAmvXDfvNxbvWV3x2y6CdEUciCSsDHDQZbhYaB8QEo2g=="
    },
    "picocolors": {
      "version": "1.0.1",
      "resolved": "https://registry.npmjs.org/picocolors/-/picocolors-1.0.1.tgz",
      "integrity": "sha512-anP1Z8qwhkbmu7MFP5iTt+wQKXgwzf7zTyGlcdzabySa9vd0Xt392U0rVmz9poOaBj0uHJKyyo9/upk0HrEQew=="
    },
    "postcss": {
      "version": "8.4.40",
      "resolved": "https://registry.npmjs.org/postcss/-/postcss-8.4.40.tgz",
      "integrity": "sha512-YF2kKIUzAofPMpfH6hOi2cGnv/HrUlfucspc7pDyvv7kGdqXrfj8SCl/t8owkEgKEuu8ZcRjSOxFxVLqwChZ2Q==",
      "requires": {
        "nanoid": "^3.3.7",
        "picocolors": "^1.0.1",
        "source-map-js": "^1.2.0"
      }
    },
    "source-map-js": {
      "version": "1.2.0",
      "resolved": "https://registry.npmjs.org/source-map-js/-/source-map-js-1.2.0.tgz",
      "integrity": "sha512-itJW8lvSA0TXEphiRoawsCksnlf8SyvmFzIhltqAHluXd88pkCd+cXJVHTDwdCr0IzwptSm035IHQktUu1QUMg=="
    },
    "vue": {
      "version": "3.4.34",
      "resolved": "https://registry.npmjs.org/vue/-/vue-3.4.34.tgz",
      "integrity": "sha512-VZze05HWlA3ItreQ/ka7Sx7PoD0/3St8FEiSlSTVgb6l4hL+RjtP2/8g5WQBzZgyf8WG2f+g1bXzC7zggLhAJA==",
      "requires": {
        "@vue/compiler-dom": "3.4.34",
        "@vue/compiler-sfc": "3.4.34",
        "@vue/runtime-dom": "3.4.34",
        "@vue/server-renderer": "3.4.34",
        "@vue/shared": "3.4.34"
      }
    }
  }
}
